
Microsoft Visual Studio Solution File, Format Version 12.00
# Visual Studio Version 16
VisualStudioVersion = 16.0.29613.14
MinimumVisualStudioVersion = 10.0.40219.1
Project("{2150E333-8FDC-42A3-9474-1A3956D46DE8}") = "02_domain", "02_domain", "{E1626323-4216-40B8-BC5D-141F628282B9}"
EndProject
Project("{2150E333-8FDC-42A3-9474-1A3956D46DE8}") = "03_business", "03_business", "{356DD4D8-BDE5-402C-9005-650EF456C397}"
EndProject
Project("{2150E333-8FDC-42A3-9474-1A3956D46DE8}") = "04_service", "04_service", "{65B66B5B-F098-45C0-9CC1-A4C3AF75F1E2}"
EndProject
Project("{9A19103F-16F7-4668-BE54-9A1E7A4F7556}") = "Models", "..\Models\Models.csproj", "{BB6053E2-CF87-4F6A-937B-86861F03B465}"
EndProject
Project("{9A19103F-16F7-4668-BE54-9A1E7A4F7556}") = "Dtos", "Dtos\Dtos.csproj", "{F04BB0CA-4F3B-40DE-BB56-16D29DC7FF06}"
EndProject
Project("{9A19103F-16F7-4668-BE54-9A1E7A4F7556}") = "Consumer", "Consumer\Consumer.csproj", "{3EBFE78A-C2C6-428A-BDD5-5F74885F1751}"
EndProject
Project("{9A19103F-16F7-4668-BE54-9A1E7A4F7556}") = "Doctor", "Doctor\Doctor.csproj", "{89C92017-ECD1-4AD9-9ABD-C39D288C9869}"
EndProject
Project("{9A19103F-16F7-4668-BE54-9A1E7A4F7556}") = "Expert", "Expert\Expert.csproj", "{FE046181-4C53-48AB-A8BE-EF36E43A368F}"
EndProject
Project("{9A19103F-16F7-4668-BE54-9A1E7A4F7556}") = "Mall", "Mall\Mall.csproj", "{56773D99-D92E-43C2-A5F3-772F7C40D8FF}"
EndProject
Project("{9A19103F-16F7-4668-BE54-9A1E7A4F7556}") = "Manager", "Manager\Manager.csproj", "{3227DC3E-3BBD-4529-B89B-3482F3ADB993}"
EndProject
Project("{9A19103F-16F7-4668-BE54-9A1E7A4F7556}") = "Merchant", "Merchant\Merchant.csproj", "{88EE80F3-454A-4E4F-9962-0C6F67EA5885}"
EndProject
Project("{9A19103F-16F7-4668-BE54-9A1E7A4F7556}") = "API", "API\API.csproj", "{88D58422-0899-416C-B259-773EE5209C60}"
EndProject
Project("{9A19103F-16F7-4668-BE54-9A1E7A4F7556}") = "Component", "..\Component\Component.csproj", "{3C055AC7-B04C-41CA-A655-84E2552B9AD5}"
EndProject
Project("{9A19103F-16F7-4668-BE54-9A1E7A4F7556}") = "Module", "Module\Module.csproj", "{83F501BD-CBE6-40CD-A742-3A5F2CD04D04}"
EndProject
Project("{9A19103F-16F7-4668-BE54-9A1E7A4F7556}") = "Meal", "Meal\Meal.csproj", "{9975E7EB-FF95-40B2-8CE7-6D49DC966415}"
EndProject
Project("{9A19103F-16F7-4668-BE54-9A1E7A4F7556}") = "FAQs", "FAQs\FAQs.csproj", "{40A5CFA8-8553-466E-8D50-9AB2A592D6F1}"
EndProject
Project("{9A19103F-16F7-4668-BE54-9A1E7A4F7556}") = "Host", "Host\Host.csproj", "{280B4BAE-5209-45B3-83FB-222402DDA244}"
EndProject
Project("{9A19103F-16F7-4668-BE54-9A1E7A4F7556}") = "Report", "Report\Report.csproj", "{1E8230B0-2A7B-466C-A634-CDEB61E83B89}"
EndProject
Project("{9A19103F-16F7-4668-BE54-9A1E7A4F7556}") = "Scheduler", "Scheduler\Scheduler.csproj", "{5762EC74-18FE-4344-9A17-102CC5048465}"
EndProject
Project("{9A19103F-16F7-4668-BE54-9A1E7A4F7556}") = "Utility", "..\Utility\Utility.csproj", "{551F0F4A-BAF4-48A1-9584-7743AF616C12}"
EndProject
Project("{9A19103F-16F7-4668-BE54-9A1E7A4F7556}") = "Fushion", "Fushion\Fushion.csproj", "{0FC33966-8D89-4065-87FB-F9650EAC0DDF}"
EndProject
Project("{9A19103F-16F7-4668-BE54-9A1E7A4F7556}") = "BizBase", "BizBase\BizBase.csproj", "{F51D6075-2277-4226-B4D9-3CAB32062618}"
EndProject
Project("{9A19103F-16F7-4668-BE54-9A1E7A4F7556}") = "Decoration", "Decoration\Decoration.csproj", "{7A973F69-D053-46FC-8510-81CE35689160}"
EndProject
Project("{9A19103F-16F7-4668-BE54-9A1E7A4F7556}") = "Health", "Health\Health.csproj", "{66A888E3-4272-44F0-AAAA-944595BF5521}"
EndProject
Project("{9A19103F-16F7-4668-BE54-9A1E7A4F7556}") = "Achievement", "AchievementBiz\Achievement.csproj", "{9D30F0E0-FD0A-4E2D-92A2-17EB2BACE179}"
EndProject
Global
	GlobalSection(SolutionConfigurationPlatforms) = preSolution
		Debug|Any CPU = Debug|Any CPU
		Release|Any CPU = Release|Any CPU
	EndGlobalSection
	GlobalSection(ProjectConfigurationPlatforms) = postSolution
		{BB6053E2-CF87-4F6A-937B-86861F03B465}.Debug|Any CPU.ActiveCfg = Debug|Any CPU
		{BB6053E2-CF87-4F6A-937B-86861F03B465}.Debug|Any CPU.Build.0 = Debug|Any CPU
		{BB6053E2-CF87-4F6A-937B-86861F03B465}.Release|Any CPU.ActiveCfg = Release|Any CPU
		{BB6053E2-CF87-4F6A-937B-86861F03B465}.Release|Any CPU.Build.0 = Release|Any CPU
		{F04BB0CA-4F3B-40DE-BB56-16D29DC7FF06}.Debug|Any CPU.ActiveCfg = Debug|Any CPU
		{F04BB0CA-4F3B-40DE-BB56-16D29DC7FF06}.Debug|Any CPU.Build.0 = Debug|Any CPU
		{F04BB0CA-4F3B-40DE-BB56-16D29DC7FF06}.Release|Any CPU.ActiveCfg = Release|Any CPU
		{F04BB0CA-4F3B-40DE-BB56-16D29DC7FF06}.Release|Any CPU.Build.0 = Release|Any CPU
		{3EBFE78A-C2C6-428A-BDD5-5F74885F1751}.Debug|Any CPU.ActiveCfg = Debug|Any CPU
		{3EBFE78A-C2C6-428A-BDD5-5F74885F1751}.Debug|Any CPU.Build.0 = Debug|Any CPU
		{3EBFE78A-C2C6-428A-BDD5-5F74885F1751}.Release|Any CPU.ActiveCfg = Release|Any CPU
		{3EBFE78A-C2C6-428A-BDD5-5F74885F1751}.Release|Any CPU.Build.0 = Release|Any CPU
		{89C92017-ECD1-4AD9-9ABD-C39D288C9869}.Debug|Any CPU.ActiveCfg = Debug|Any CPU
		{89C92017-ECD1-4AD9-9ABD-C39D288C9869}.Debug|Any CPU.Build.0 = Debug|Any CPU
		{89C92017-ECD1-4AD9-9ABD-C39D288C9869}.Release|Any CPU.ActiveCfg = Release|Any CPU
		{89C92017-ECD1-4AD9-9ABD-C39D288C9869}.Release|Any CPU.Build.0 = Release|Any CPU
		{FE046181-4C53-48AB-A8BE-EF36E43A368F}.Debug|Any CPU.ActiveCfg = Debug|Any CPU
		{FE046181-4C53-48AB-A8BE-EF36E43A368F}.Debug|Any CPU.Build.0 = Debug|Any CPU
		{FE046181-4C53-48AB-A8BE-EF36E43A368F}.Release|Any CPU.ActiveCfg = Release|Any CPU
		{FE046181-4C53-48AB-A8BE-EF36E43A368F}.Release|Any CPU.Build.0 = Release|Any CPU
		{56773D99-D92E-43C2-A5F3-772F7C40D8FF}.Debug|Any CPU.ActiveCfg = Debug|Any CPU
		{56773D99-D92E-43C2-A5F3-772F7C40D8FF}.Debug|Any CPU.Build.0 = Debug|Any CPU
		{56773D99-D92E-43C2-A5F3-772F7C40D8FF}.Release|Any CPU.ActiveCfg = Release|Any CPU
		{56773D99-D92E-43C2-A5F3-772F7C40D8FF}.Release|Any CPU.Build.0 = Release|Any CPU
		{3227DC3E-3BBD-4529-B89B-3482F3ADB993}.Debug|Any CPU.ActiveCfg = Debug|Any CPU
		{3227DC3E-3BBD-4529-B89B-3482F3ADB993}.Debug|Any CPU.Build.0 = Debug|Any CPU
		{3227DC3E-3BBD-4529-B89B-3482F3ADB993}.Release|Any CPU.ActiveCfg = Release|Any CPU
		{3227DC3E-3BBD-4529-B89B-3482F3ADB993}.Release|Any CPU.Build.0 = Release|Any CPU
		{88EE80F3-454A-4E4F-9962-0C6F67EA5885}.Debug|Any CPU.ActiveCfg = Debug|Any CPU
		{88EE80F3-454A-4E4F-9962-0C6F67EA5885}.Debug|Any CPU.Build.0 = Debug|Any CPU
		{88EE80F3-454A-4E4F-9962-0C6F67EA5885}.Release|Any CPU.ActiveCfg = Release|Any CPU
		{88EE80F3-454A-4E4F-9962-0C6F67EA5885}.Release|Any CPU.Build.0 = Release|Any CPU
		{88D58422-0899-416C-B259-773EE5209C60}.Debug|Any CPU.ActiveCfg = Debug|Any CPU
		{88D58422-0899-416C-B259-773EE5209C60}.Debug|Any CPU.Build.0 = Debug|Any CPU
		{88D58422-0899-416C-B259-773EE5209C60}.Release|Any CPU.ActiveCfg = Release|Any CPU
		{88D58422-0899-416C-B259-773EE5209C60}.Release|Any CPU.Build.0 = Release|Any CPU
		{3C055AC7-B04C-41CA-A655-84E2552B9AD5}.Debug|Any CPU.ActiveCfg = Debug|Any CPU
		{3C055AC7-B04C-41CA-A655-84E2552B9AD5}.Debug|Any CPU.Build.0 = Debug|Any CPU
		{3C055AC7-B04C-41CA-A655-84E2552B9AD5}.Release|Any CPU.ActiveCfg = Release|Any CPU
		{3C055AC7-B04C-41CA-A655-84E2552B9AD5}.Release|Any CPU.Build.0 = Release|Any CPU
		{83F501BD-CBE6-40CD-A742-3A5F2CD04D04}.Debug|Any CPU.ActiveCfg = Debug|Any CPU
		{83F501BD-CBE6-40CD-A742-3A5F2CD04D04}.Debug|Any CPU.Build.0 = Debug|Any CPU
		{83F501BD-CBE6-40CD-A742-3A5F2CD04D04}.Release|Any CPU.ActiveCfg = Release|Any CPU
		{83F501BD-CBE6-40CD-A742-3A5F2CD04D04}.Release|Any CPU.Build.0 = Release|Any CPU
		{9975E7EB-FF95-40B2-8CE7-6D49DC966415}.Debug|Any CPU.ActiveCfg = Debug|Any CPU
		{9975E7EB-FF95-40B2-8CE7-6D49DC966415}.Debug|Any CPU.Build.0 = Debug|Any CPU
		{9975E7EB-FF95-40B2-8CE7-6D49DC966415}.Release|Any CPU.ActiveCfg = Release|Any CPU
		{9975E7EB-FF95-40B2-8CE7-6D49DC966415}.Release|Any CPU.Build.0 = Release|Any CPU
		{40A5CFA8-8553-466E-8D50-9AB2A592D6F1}.Debug|Any CPU.ActiveCfg = Debug|Any CPU
		{40A5CFA8-8553-466E-8D50-9AB2A592D6F1}.Debug|Any CPU.Build.0 = Debug|Any CPU
		{40A5CFA8-8553-466E-8D50-9AB2A592D6F1}.Release|Any CPU.ActiveCfg = Release|Any CPU
		{40A5CFA8-8553-466E-8D50-9AB2A592D6F1}.Release|Any CPU.Build.0 = Release|Any CPU
		{280B4BAE-5209-45B3-83FB-222402DDA244}.Debug|Any CPU.ActiveCfg = Debug|Any CPU
		{280B4BAE-5209-45B3-83FB-222402DDA244}.Debug|Any CPU.Build.0 = Debug|Any CPU
		{280B4BAE-5209-45B3-83FB-222402DDA244}.Release|Any CPU.ActiveCfg = Release|Any CPU
		{280B4BAE-5209-45B3-83FB-222402DDA244}.Release|Any CPU.Build.0 = Release|Any CPU
		{1E8230B0-2A7B-466C-A634-CDEB61E83B89}.Debug|Any CPU.ActiveCfg = Debug|Any CPU
		{1E8230B0-2A7B-466C-A634-CDEB61E83B89}.Debug|Any CPU.Build.0 = Debug|Any CPU
		{1E8230B0-2A7B-466C-A634-CDEB61E83B89}.Release|Any CPU.ActiveCfg = Release|Any CPU
		{1E8230B0-2A7B-466C-A634-CDEB61E83B89}.Release|Any CPU.Build.0 = Release|Any CPU
		{5762EC74-18FE-4344-9A17-102CC5048465}.Debug|Any CPU.ActiveCfg = Debug|Any CPU
		{5762EC74-18FE-4344-9A17-102CC5048465}.Debug|Any CPU.Build.0 = Debug|Any CPU
		{5762EC74-18FE-4344-9A17-102CC5048465}.Release|Any CPU.ActiveCfg = Release|Any CPU
		{5762EC74-18FE-4344-9A17-102CC5048465}.Release|Any CPU.Build.0 = Release|Any CPU
		{551F0F4A-BAF4-48A1-9584-7743AF616C12}.Debug|Any CPU.ActiveCfg = Debug|Any CPU
		{551F0F4A-BAF4-48A1-9584-7743AF616C12}.Debug|Any CPU.Build.0 = Debug|Any CPU
		{551F0F4A-BAF4-48A1-9584-7743AF616C12}.Release|Any CPU.ActiveCfg = Release|Any CPU
		{551F0F4A-BAF4-48A1-9584-7743AF616C12}.Release|Any CPU.Build.0 = Release|Any CPU
		{0FC33966-8D89-4065-87FB-F9650EAC0DDF}.Debug|Any CPU.ActiveCfg = Debug|Any CPU
		{0FC33966-8D89-4065-87FB-F9650EAC0DDF}.Debug|Any CPU.Build.0 = Debug|Any CPU
		{0FC33966-8D89-4065-87FB-F9650EAC0DDF}.Release|Any CPU.ActiveCfg = Release|Any CPU
		{0FC33966-8D89-4065-87FB-F9650EAC0DDF}.Release|Any CPU.Build.0 = Release|Any CPU
		{F51D6075-2277-4226-B4D9-3CAB32062618}.Debug|Any CPU.ActiveCfg = Debug|Any CPU
		{F51D6075-2277-4226-B4D9-3CAB32062618}.Debug|Any CPU.Build.0 = Debug|Any CPU
		{F51D6075-2277-4226-B4D9-3CAB32062618}.Release|Any CPU.ActiveCfg = Release|Any CPU
		{F51D6075-2277-4226-B4D9-3CAB32062618}.Release|Any CPU.Build.0 = Release|Any CPU
		{7A973F69-D053-46FC-8510-81CE35689160}.Debug|Any CPU.ActiveCfg = Debug|Any CPU
		{7A973F69-D053-46FC-8510-81CE35689160}.Debug|Any CPU.Build.0 = Debug|Any CPU
		{7A973F69-D053-46FC-8510-81CE35689160}.Release|Any CPU.ActiveCfg = Release|Any CPU
		{7A973F69-D053-46FC-8510-81CE35689160}.Release|Any CPU.Build.0 = Release|Any CPU
		{66A888E3-4272-44F0-AAAA-944595BF5521}.Debug|Any CPU.ActiveCfg = Debug|Any CPU
		{66A888E3-4272-44F0-AAAA-944595BF5521}.Debug|Any CPU.Build.0 = Debug|Any CPU
		{66A888E3-4272-44F0-AAAA-944595BF5521}.Release|Any CPU.ActiveCfg = Release|Any CPU
		{66A888E3-4272-44F0-AAAA-944595BF5521}.Release|Any CPU.Build.0 = Release|Any CPU
		{9D30F0E0-FD0A-4E2D-92A2-17EB2BACE179}.Debug|Any CPU.ActiveCfg = Debug|Any CPU
		{9D30F0E0-FD0A-4E2D-92A2-17EB2BACE179}.Debug|Any CPU.Build.0 = Debug|Any CPU
		{9D30F0E0-FD0A-4E2D-92A2-17EB2BACE179}.Release|Any CPU.ActiveCfg = Release|Any CPU
		{9D30F0E0-FD0A-4E2D-92A2-17EB2BACE179}.Release|Any CPU.Build.0 = Release|Any CPU
	EndGlobalSection
	GlobalSection(SolutionProperties) = preSolution
		HideSolutionNode = FALSE
	EndGlobalSection
	GlobalSection(NestedProjects) = preSolution
		{BB6053E2-CF87-4F6A-937B-86861F03B465} = {E1626323-4216-40B8-BC5D-141F628282B9}
		{F04BB0CA-4F3B-40DE-BB56-16D29DC7FF06} = {E1626323-4216-40B8-BC5D-141F628282B9}
		{3EBFE78A-C2C6-428A-BDD5-5F74885F1751} = {356DD4D8-BDE5-402C-9005-650EF456C397}
		{89C92017-ECD1-4AD9-9ABD-C39D288C9869} = {356DD4D8-BDE5-402C-9005-650EF456C397}
		{FE046181-4C53-48AB-A8BE-EF36E43A368F} = {356DD4D8-BDE5-402C-9005-650EF456C397}
		{56773D99-D92E-43C2-A5F3-772F7C40D8FF} = {356DD4D8-BDE5-402C-9005-650EF456C397}
		{3227DC3E-3BBD-4529-B89B-3482F3ADB993} = {356DD4D8-BDE5-402C-9005-650EF456C397}
		{88EE80F3-454A-4E4F-9962-0C6F67EA5885} = {356DD4D8-BDE5-402C-9005-650EF456C397}
		{88D58422-0899-416C-B259-773EE5209C60} = {65B66B5B-F098-45C0-9CC1-A4C3AF75F1E2}
		{3C055AC7-B04C-41CA-A655-84E2552B9AD5} = {356DD4D8-BDE5-402C-9005-650EF456C397}
		{83F501BD-CBE6-40CD-A742-3A5F2CD04D04} = {356DD4D8-BDE5-402C-9005-650EF456C397}
		{9975E7EB-FF95-40B2-8CE7-6D49DC966415} = {356DD4D8-BDE5-402C-9005-650EF456C397}
		{40A5CFA8-8553-466E-8D50-9AB2A592D6F1} = {356DD4D8-BDE5-402C-9005-650EF456C397}
		{280B4BAE-5209-45B3-83FB-222402DDA244} = {65B66B5B-F098-45C0-9CC1-A4C3AF75F1E2}
		{1E8230B0-2A7B-466C-A634-CDEB61E83B89} = {356DD4D8-BDE5-402C-9005-650EF456C397}
		{5762EC74-18FE-4344-9A17-102CC5048465} = {65B66B5B-F098-45C0-9CC1-A4C3AF75F1E2}
		{551F0F4A-BAF4-48A1-9584-7743AF616C12} = {356DD4D8-BDE5-402C-9005-650EF456C397}
		{0FC33966-8D89-4065-87FB-F9650EAC0DDF} = {356DD4D8-BDE5-402C-9005-650EF456C397}
		{F51D6075-2277-4226-B4D9-3CAB32062618} = {356DD4D8-BDE5-402C-9005-650EF456C397}
		{7A973F69-D053-46FC-8510-81CE35689160} = {356DD4D8-BDE5-402C-9005-650EF456C397}
		{66A888E3-4272-44F0-AAAA-944595BF5521} = {356DD4D8-BDE5-402C-9005-650EF456C397}
		{9D30F0E0-FD0A-4E2D-92A2-17EB2BACE179} = {356DD4D8-BDE5-402C-9005-650EF456C397}
	EndGlobalSection
	GlobalSection(ExtensibilityGlobals) = postSolution
		SolutionGuid = {CFFC0C47-61DE-4944-B1B0-8C5C8A850B0B}
	EndGlobalSection
EndGlobal
