
Microsoft Visual Studio Solution File, Format Version 12.00
# Visual Studio 15
VisualStudioVersion = 15.0.28307.421
MinimumVisualStudioVersion = 10.0.40219.1
Project("{9A19103F-16F7-4668-BE54-9A1E7A4F7556}") = "API", "API\API.csproj", "{8ABAC25D-A2B7-4CC2-9425-2B1E4BA232C5}"
EndProject
Project("{9A19103F-16F7-4668-BE54-9A1E7A4F7556}") = "Dtos", "Dtos\Dtos.csproj", "{B227C323-DE2D-485B-BEDE-F7BEDC9E7AEF}"
EndProject
Project("{9A19103F-16F7-4668-BE54-9A1E7A4F7556}") = "Manager", "Manager\Manager.csproj", "{6BEA2413-AD8B-4D1A-8C4A-AA729892F470}"
EndProject
Project("{2150E333-8FDC-42A3-9474-1A3956D46DE8}") = "02_domain", "02_domain", "{E1626323-4216-40B8-BC5D-141F628282B9}"
EndProject
Project("{2150E333-8FDC-42A3-9474-1A3956D46DE8}") = "03_business", "03_business", "{356DD4D8-BDE5-402C-9005-650EF456C397}"
EndProject
Project("{2150E333-8FDC-42A3-9474-1A3956D46DE8}") = "04_service", "04_service", "{65B66B5B-F098-45C0-9CC1-A4C3AF75F1E2}"
EndProject
Project("{9A19103F-16F7-4668-BE54-9A1E7A4F7556}") = "Models", "..\Models\Models.csproj", "{BB6053E2-CF87-4F6A-937B-86861F03B465}"
EndProject
Project("{9A19103F-16F7-4668-BE54-9A1E7A4F7556}") = "Host", "Host\Host.csproj", "{1F610376-1661-438E-91E6-D8D358A0FC45}"
EndProject
Project("{9A19103F-16F7-4668-BE54-9A1E7A4F7556}") = "Scheduler", "Scheduler\Scheduler.csproj", "{855BA5A8-46B0-49E6-937A-8E6BB3708648}"
EndProject
Global
	GlobalSection(SolutionConfigurationPlatforms) = preSolution
		Debug|Any CPU = Debug|Any CPU
		Release|Any CPU = Release|Any CPU
	EndGlobalSection
	GlobalSection(ProjectConfigurationPlatforms) = postSolution
		{8ABAC25D-A2B7-4CC2-9425-2B1E4BA232C5}.Debug|Any CPU.ActiveCfg = Debug|Any CPU
		{8ABAC25D-A2B7-4CC2-9425-2B1E4BA232C5}.Debug|Any CPU.Build.0 = Debug|Any CPU
		{8ABAC25D-A2B7-4CC2-9425-2B1E4BA232C5}.Release|Any CPU.ActiveCfg = Release|Any CPU
		{8ABAC25D-A2B7-4CC2-9425-2B1E4BA232C5}.Release|Any CPU.Build.0 = Release|Any CPU
		{B227C323-DE2D-485B-BEDE-F7BEDC9E7AEF}.Debug|Any CPU.ActiveCfg = Debug|Any CPU
		{B227C323-DE2D-485B-BEDE-F7BEDC9E7AEF}.Debug|Any CPU.Build.0 = Debug|Any CPU
		{B227C323-DE2D-485B-BEDE-F7BEDC9E7AEF}.Release|Any CPU.ActiveCfg = Release|Any CPU
		{B227C323-DE2D-485B-BEDE-F7BEDC9E7AEF}.Release|Any CPU.Build.0 = Release|Any CPU
		{6BEA2413-AD8B-4D1A-8C4A-AA729892F470}.Debug|Any CPU.ActiveCfg = Debug|Any CPU
		{6BEA2413-AD8B-4D1A-8C4A-AA729892F470}.Debug|Any CPU.Build.0 = Debug|Any CPU
		{6BEA2413-AD8B-4D1A-8C4A-AA729892F470}.Release|Any CPU.ActiveCfg = Release|Any CPU
		{6BEA2413-AD8B-4D1A-8C4A-AA729892F470}.Release|Any CPU.Build.0 = Release|Any CPU
		{BB6053E2-CF87-4F6A-937B-86861F03B465}.Debug|Any CPU.ActiveCfg = Debug|Any CPU
		{BB6053E2-CF87-4F6A-937B-86861F03B465}.Debug|Any CPU.Build.0 = Debug|Any CPU
		{BB6053E2-CF87-4F6A-937B-86861F03B465}.Release|Any CPU.ActiveCfg = Release|Any CPU
		{BB6053E2-CF87-4F6A-937B-86861F03B465}.Release|Any CPU.Build.0 = Release|Any CPU
		{1F610376-1661-438E-91E6-D8D358A0FC45}.Debug|Any CPU.ActiveCfg = Debug|Any CPU
		{1F610376-1661-438E-91E6-D8D358A0FC45}.Debug|Any CPU.Build.0 = Debug|Any CPU
		{1F610376-1661-438E-91E6-D8D358A0FC45}.Release|Any CPU.ActiveCfg = Release|Any CPU
		{1F610376-1661-438E-91E6-D8D358A0FC45}.Release|Any CPU.Build.0 = Release|Any CPU
		{855BA5A8-46B0-49E6-937A-8E6BB3708648}.Debug|Any CPU.ActiveCfg = Debug|Any CPU
		{855BA5A8-46B0-49E6-937A-8E6BB3708648}.Debug|Any CPU.Build.0 = Debug|Any CPU
		{855BA5A8-46B0-49E6-937A-8E6BB3708648}.Release|Any CPU.ActiveCfg = Release|Any CPU
		{855BA5A8-46B0-49E6-937A-8E6BB3708648}.Release|Any CPU.Build.0 = Release|Any CPU
	EndGlobalSection
	GlobalSection(SolutionProperties) = preSolution
		HideSolutionNode = FALSE
	EndGlobalSection
	GlobalSection(NestedProjects) = preSolution
		{8ABAC25D-A2B7-4CC2-9425-2B1E4BA232C5} = {65B66B5B-F098-45C0-9CC1-A4C3AF75F1E2}
		{B227C323-DE2D-485B-BEDE-F7BEDC9E7AEF} = {E1626323-4216-40B8-BC5D-141F628282B9}
		{6BEA2413-AD8B-4D1A-8C4A-AA729892F470} = {356DD4D8-BDE5-402C-9005-650EF456C397}
		{BB6053E2-CF87-4F6A-937B-86861F03B465} = {E1626323-4216-40B8-BC5D-141F628282B9}
		{1F610376-1661-438E-91E6-D8D358A0FC45} = {65B66B5B-F098-45C0-9CC1-A4C3AF75F1E2}
		{855BA5A8-46B0-49E6-937A-8E6BB3708648} = {65B66B5B-F098-45C0-9CC1-A4C3AF75F1E2}
	EndGlobalSection
	GlobalSection(ExtensibilityGlobals) = postSolution
		SolutionGuid = {CFFC0C47-61DE-4944-B1B0-8C5C8A850B0B}
	EndGlobalSection
EndGlobal
